
Microsoft Visual Studio Solution File, Format Version 12.00
# Visual Studio Version 17
VisualStudioVersion = 17.12.35527.113
MinimumVisualStudioVersion = 10.0.40219.1
Project("{8BC9CEB8-8B4A-11D0-8D11-00A0C91BC942}") = "eigen_sample", "eigen_sample\ConsoleApplication1.vcxproj", "{3C9839C8-FA66-45CE-9FF7-0E228557FEB7}"
EndProject
Project("{8BC9CEB8-8B4A-11D0-8D11-00A0C91BC942}") = "tropical_semiring", "tropical_semiring\ConsoleApplication2.vcxproj", "{897384FD-BCBB-40CA-8362-17E4E892EE36}"
EndProject
Project("{2150E333-8FDC-42A3-9474-1A3956D46DE8}") = "ソリューション項目", "ソリューション項目", "{E2FF2721-E4CA-4CFB-BED0-E6968A101482}"
	ProjectSection(SolutionItems) = preProject
		README.md = README.md
	EndProjectSection
EndProject
Global
	GlobalSection(SolutionConfigurationPlatforms) = preSolution
		Debug|x64 = Debug|x64
		Debug|x86 = Debug|x86
		Release|x64 = Release|x64
		Release|x86 = Release|x86
	EndGlobalSection
	GlobalSection(ProjectConfigurationPlatforms) = postSolution
		{3C9839C8-FA66-45CE-9FF7-0E228557FEB7}.Debug|x64.ActiveCfg = Debug|x64
		{3C9839C8-FA66-45CE-9FF7-0E228557FEB7}.Debug|x64.Build.0 = Debug|x64
		{3C9839C8-FA66-45CE-9FF7-0E228557FEB7}.Debug|x86.ActiveCfg = Debug|Win32
		{3C9839C8-FA66-45CE-9FF7-0E228557FEB7}.Debug|x86.Build.0 = Debug|Win32
		{3C9839C8-FA66-45CE-9FF7-0E228557FEB7}.Release|x64.ActiveCfg = Release|x64
		{3C9839C8-FA66-45CE-9FF7-0E228557FEB7}.Release|x64.Build.0 = Release|x64
		{3C9839C8-FA66-45CE-9FF7-0E228557FEB7}.Release|x86.ActiveCfg = Release|Win32
		{3C9839C8-FA66-45CE-9FF7-0E228557FEB7}.Release|x86.Build.0 = Release|Win32
		{897384FD-BCBB-40CA-8362-17E4E892EE36}.Debug|x64.ActiveCfg = Debug|x64
		{897384FD-BCBB-40CA-8362-17E4E892EE36}.Debug|x64.Build.0 = Debug|x64
		{897384FD-BCBB-40CA-8362-17E4E892EE36}.Debug|x86.ActiveCfg = Debug|Win32
		{897384FD-BCBB-40CA-8362-17E4E892EE36}.Debug|x86.Build.0 = Debug|Win32
		{897384FD-BCBB-40CA-8362-17E4E892EE36}.Release|x64.ActiveCfg = Release|x64
		{897384FD-BCBB-40CA-8362-17E4E892EE36}.Release|x64.Build.0 = Release|x64
		{897384FD-BCBB-40CA-8362-17E4E892EE36}.Release|x86.ActiveCfg = Release|Win32
		{897384FD-BCBB-40CA-8362-17E4E892EE36}.Release|x86.Build.0 = Release|Win32
	EndGlobalSection
	GlobalSection(SolutionProperties) = preSolution
		HideSolutionNode = FALSE
	EndGlobalSection
EndGlobal
